
Microsoft Visual Studio Solution File, Format Version 12.00
# Visual Studio 15
VisualStudioVersion = 15.0.27703.2026
MinimumVisualStudioVersion = 10.0.40219.1
Project("{9092AA53-FB77-4645-B42D-1CCCA6BD08BD}") = "OCJS_OS", "OCJS_OS.njsproj", "{F19D0416-4D73-44B9-86AB-C5D36B677A93}"
EndProject
Global
	GlobalSection(SolutionConfigurationPlatforms) = preSolution
		Debug|Any CPU = Debug|Any CPU
		Release|Any CPU = Release|Any CPU
	EndGlobalSection
	GlobalSection(ProjectConfigurationPlatforms) = postSolution
		{F19D0416-4D73-44B9-86AB-C5D36B677A93}.Debug|Any CPU.ActiveCfg = Debug|Any CPU
		{F19D0416-4D73-44B9-86AB-C5D36B677A93}.Debug|Any CPU.Build.0 = Debug|Any CPU
		{F19D0416-4D73-44B9-86AB-C5D36B677A93}.Release|Any CPU.ActiveCfg = Release|Any CPU
		{F19D0416-4D73-44B9-86AB-C5D36B677A93}.Release|Any CPU.Build.0 = Release|Any CPU
	EndGlobalSection
	GlobalSection(SolutionProperties) = preSolution
		HideSolutionNode = FALSE
	EndGlobalSection
	GlobalSection(ExtensibilityGlobals) = postSolution
		SolutionGuid = {BA82622F-36A8-493D-BAD3-5BB84D035EAA}
	EndGlobalSection
EndGlobal
